
Microsoft Visual Studio Solution File, Format Version 12.00
# Visual Studio 15
VisualStudioVersion = 15.0.28307.102
MinimumVisualStudioVersion = 10.0.40219.1
Project("{FAE04EC0-301F-11D3-BF4B-00C04F79EFBC}") = "TennisKata", "TennisKata\TennisKata.csproj", "{B2E8A388-3AD9-4D2D-B9B4-AC52F0666685}"
EndProject
Global
	GlobalSection(SolutionConfigurationPlatforms) = preSolution
		Debug|Any CPU = Debug|Any CPU
		Release|Any CPU = Release|Any CPU
	EndGlobalSection
	GlobalSection(ProjectConfigurationPlatforms) = postSolution
		{B2E8A388-3AD9-4D2D-B9B4-AC52F0666685}.Debug|Any CPU.ActiveCfg = Debug|Any CPU
		{B2E8A388-3AD9-4D2D-B9B4-AC52F0666685}.Debug|Any CPU.Build.0 = Debug|Any CPU
		{B2E8A388-3AD9-4D2D-B9B4-AC52F0666685}.Release|Any CPU.ActiveCfg = Release|Any CPU
		{B2E8A388-3AD9-4D2D-B9B4-AC52F0666685}.Release|Any CPU.Build.0 = Release|Any CPU
	EndGlobalSection
	GlobalSection(SolutionProperties) = preSolution
		HideSolutionNode = FALSE
	EndGlobalSection
	GlobalSection(ExtensibilityGlobals) = postSolution
		SolutionGuid = {4C4FE79A-E947-45F3-8883-5D86EA1FECDA}
	EndGlobalSection
EndGlobal
